
Microsoft Visual Studio Solution File, Format Version 12.00
# Visual Studio 15
VisualStudioVersion = 15.0.28307.421
MinimumVisualStudioVersion = 10.0.40219.1
Project("{FAE04EC0-301F-11D3-BF4B-00C04F79EFBC}") = "app.Android", "app\app.Android\app.Android.csproj", "{EBC0AE85-66F8-4358-BE63-DAB34EFFF5B8}"
EndProject
Project("{FAE04EC0-301F-11D3-BF4B-00C04F79EFBC}") = "app.iOS", "app\app.iOS\app.iOS.csproj", "{2EAEA3B3-E8C1-44B1-B381-09957180CAC7}"
EndProject
Project("{FAE04EC0-301F-11D3-BF4B-00C04F79EFBC}") = "app", "app\app\app.csproj", "{0F3DE055-0949-463D-9B92-F8DF923604AA}"
EndProject
Global
	GlobalSection(SolutionConfigurationPlatforms) = preSolution
		Ad-Hoc|Any CPU = Ad-Hoc|Any CPU
		Ad-Hoc|iPhone = Ad-Hoc|iPhone
		Ad-Hoc|iPhoneSimulator = Ad-Hoc|iPhoneSimulator
		AppStore|Any CPU = AppStore|Any CPU
		AppStore|iPhone = AppStore|iPhone
		AppStore|iPhoneSimulator = AppStore|iPhoneSimulator
		Debug|Any CPU = Debug|Any CPU
		Debug|iPhone = Debug|iPhone
		Debug|iPhoneSimulator = Debug|iPhoneSimulator
		Release|Any CPU = Release|Any CPU
		Release|iPhone = Release|iPhone
		Release|iPhoneSimulator = Release|iPhoneSimulator
	EndGlobalSection
	GlobalSection(ProjectConfigurationPlatforms) = postSolution
		{EBC0AE85-66F8-4358-BE63-DAB34EFFF5B8}.Ad-Hoc|Any CPU.ActiveCfg = Release|Any CPU
		{EBC0AE85-66F8-4358-BE63-DAB34EFFF5B8}.Ad-Hoc|Any CPU.Build.0 = Release|Any CPU
		{EBC0AE85-66F8-4358-BE63-DAB34EFFF5B8}.Ad-Hoc|Any CPU.Deploy.0 = Release|Any CPU
		{EBC0AE85-66F8-4358-BE63-DAB34EFFF5B8}.Ad-Hoc|iPhone.ActiveCfg = Release|Any CPU
		{EBC0AE85-66F8-4358-BE63-DAB34EFFF5B8}.Ad-Hoc|iPhone.Build.0 = Release|Any CPU
		{EBC0AE85-66F8-4358-BE63-DAB34EFFF5B8}.Ad-Hoc|iPhone.Deploy.0 = Release|Any CPU
		{EBC0AE85-66F8-4358-BE63-DAB34EFFF5B8}.Ad-Hoc|iPhoneSimulator.ActiveCfg = Release|Any CPU
		{EBC0AE85-66F8-4358-BE63-DAB34EFFF5B8}.Ad-Hoc|iPhoneSimulator.Build.0 = Release|Any CPU
		{EBC0AE85-66F8-4358-BE63-DAB34EFFF5B8}.Ad-Hoc|iPhoneSimulator.Deploy.0 = Release|Any CPU
		{EBC0AE85-66F8-4358-BE63-DAB34EFFF5B8}.AppStore|Any CPU.ActiveCfg = Release|Any CPU
		{EBC0AE85-66F8-4358-BE63-DAB34EFFF5B8}.AppStore|Any CPU.Build.0 = Release|Any CPU
		{EBC0AE85-66F8-4358-BE63-DAB34EFFF5B8}.AppStore|Any CPU.Deploy.0 = Release|Any CPU
		{EBC0AE85-66F8-4358-BE63-DAB34EFFF5B8}.AppStore|iPhone.ActiveCfg = Release|Any CPU
		{EBC0AE85-66F8-4358-BE63-DAB34EFFF5B8}.AppStore|iPhone.Build.0 = Release|Any CPU
		{EBC0AE85-66F8-4358-BE63-DAB34EFFF5B8}.AppStore|iPhone.Deploy.0 = Release|Any CPU
		{EBC0AE85-66F8-4358-BE63-DAB34EFFF5B8}.AppStore|iPhoneSimulator.ActiveCfg = Release|Any CPU
		{EBC0AE85-66F8-4358-BE63-DAB34EFFF5B8}.AppStore|iPhoneSimulator.Build.0 = Release|Any CPU
		{EBC0AE85-66F8-4358-BE63-DAB34EFFF5B8}.AppStore|iPhoneSimulator.Deploy.0 = Release|Any CPU
		{EBC0AE85-66F8-4358-BE63-DAB34EFFF5B8}.Debug|Any CPU.ActiveCfg = Debug|Any CPU
		{EBC0AE85-66F8-4358-BE63-DAB34EFFF5B8}.Debug|Any CPU.Build.0 = Debug|Any CPU
		{EBC0AE85-66F8-4358-BE63-DAB34EFFF5B8}.Debug|Any CPU.Deploy.0 = Debug|Any CPU
		{EBC0AE85-66F8-4358-BE63-DAB34EFFF5B8}.Debug|iPhone.ActiveCfg = Debug|Any CPU
		{EBC0AE85-66F8-4358-BE63-DAB34EFFF5B8}.Debug|iPhone.Build.0 = Debug|Any CPU
		{EBC0AE85-66F8-4358-BE63-DAB34EFFF5B8}.Debug|iPhone.Deploy.0 = Debug|Any CPU
		{EBC0AE85-66F8-4358-BE63-DAB34EFFF5B8}.Debug|iPhoneSimulator.ActiveCfg = Debug|Any CPU
		{EBC0AE85-66F8-4358-BE63-DAB34EFFF5B8}.Debug|iPhoneSimulator.Build.0 = Debug|Any CPU
		{EBC0AE85-66F8-4358-BE63-DAB34EFFF5B8}.Debug|iPhoneSimulator.Deploy.0 = Debug|Any CPU
		{EBC0AE85-66F8-4358-BE63-DAB34EFFF5B8}.Release|Any CPU.ActiveCfg = Release|Any CPU
		{EBC0AE85-66F8-4358-BE63-DAB34EFFF5B8}.Release|Any CPU.Build.0 = Release|Any CPU
		{EBC0AE85-66F8-4358-BE63-DAB34EFFF5B8}.Release|Any CPU.Deploy.0 = Release|Any CPU
		{EBC0AE85-66F8-4358-BE63-DAB34EFFF5B8}.Release|iPhone.ActiveCfg = Release|Any CPU
		{EBC0AE85-66F8-4358-BE63-DAB34EFFF5B8}.Release|iPhone.Build.0 = Release|Any CPU
		{EBC0AE85-66F8-4358-BE63-DAB34EFFF5B8}.Release|iPhone.Deploy.0 = Release|Any CPU
		{EBC0AE85-66F8-4358-BE63-DAB34EFFF5B8}.Release|iPhoneSimulator.ActiveCfg = Release|Any CPU
		{EBC0AE85-66F8-4358-BE63-DAB34EFFF5B8}.Release|iPhoneSimulator.Build.0 = Release|Any CPU
		{EBC0AE85-66F8-4358-BE63-DAB34EFFF5B8}.Release|iPhoneSimulator.Deploy.0 = Release|Any CPU
		{2EAEA3B3-E8C1-44B1-B381-09957180CAC7}.Ad-Hoc|Any CPU.ActiveCfg = Ad-Hoc|iPhone
		{2EAEA3B3-E8C1-44B1-B381-09957180CAC7}.Ad-Hoc|Any CPU.Build.0 = Ad-Hoc|iPhone
		{2EAEA3B3-E8C1-44B1-B381-09957180CAC7}.Ad-Hoc|Any CPU.Deploy.0 = Ad-Hoc|iPhone
		{2EAEA3B3-E8C1-44B1-B381-09957180CAC7}.Ad-Hoc|iPhone.ActiveCfg = Ad-Hoc|iPhone
		{2EAEA3B3-E8C1-44B1-B381-09957180CAC7}.Ad-Hoc|iPhone.Build.0 = Ad-Hoc|iPhone
		{2EAEA3B3-E8C1-44B1-B381-09957180CAC7}.Ad-Hoc|iPhone.Deploy.0 = Ad-Hoc|iPhone
		{2EAEA3B3-E8C1-44B1-B381-09957180CAC7}.Ad-Hoc|iPhoneSimulator.ActiveCfg = Ad-Hoc|iPhoneSimulator
		{2EAEA3B3-E8C1-44B1-B381-09957180CAC7}.Ad-Hoc|iPhoneSimulator.Build.0 = Ad-Hoc|iPhoneSimulator
		{2EAEA3B3-E8C1-44B1-B381-09957180CAC7}.Ad-Hoc|iPhoneSimulator.Deploy.0 = Ad-Hoc|iPhoneSimulator
		{2EAEA3B3-E8C1-44B1-B381-09957180CAC7}.AppStore|Any CPU.ActiveCfg = AppStore|iPhone
		{2EAEA3B3-E8C1-44B1-B381-09957180CAC7}.AppStore|Any CPU.Build.0 = AppStore|iPhone
		{2EAEA3B3-E8C1-44B1-B381-09957180CAC7}.AppStore|Any CPU.Deploy.0 = AppStore|iPhone
		{2EAEA3B3-E8C1-44B1-B381-09957180CAC7}.AppStore|iPhone.ActiveCfg = AppStore|iPhone
		{2EAEA3B3-E8C1-44B1-B381-09957180CAC7}.AppStore|iPhone.Build.0 = AppStore|iPhone
		{2EAEA3B3-E8C1-44B1-B381-09957180CAC7}.AppStore|iPhone.Deploy.0 = AppStore|iPhone
		{2EAEA3B3-E8C1-44B1-B381-09957180CAC7}.AppStore|iPhoneSimulator.ActiveCfg = AppStore|iPhoneSimulator
		{2EAEA3B3-E8C1-44B1-B381-09957180CAC7}.AppStore|iPhoneSimulator.Build.0 = AppStore|iPhoneSimulator
		{2EAEA3B3-E8C1-44B1-B381-09957180CAC7}.AppStore|iPhoneSimulator.Deploy.0 = AppStore|iPhoneSimulator
		{2EAEA3B3-E8C1-44B1-B381-09957180CAC7}.Debug|Any CPU.ActiveCfg = Debug|iPhoneSimulator
		{2EAEA3B3-E8C1-44B1-B381-09957180CAC7}.Debug|Any CPU.Build.0 = Debug|iPhoneSimulator
		{2EAEA3B3-E8C1-44B1-B381-09957180CAC7}.Debug|Any CPU.Deploy.0 = Debug|iPhoneSimulator
		{2EAEA3B3-E8C1-44B1-B381-09957180CAC7}.Debug|iPhone.ActiveCfg = Debug|iPhone
		{2EAEA3B3-E8C1-44B1-B381-09957180CAC7}.Debug|iPhone.Build.0 = Debug|iPhone
		{2EAEA3B3-E8C1-44B1-B381-09957180CAC7}.Debug|iPhone.Deploy.0 = Debug|iPhone
		{2EAEA3B3-E8C1-44B1-B381-09957180CAC7}.Debug|iPhoneSimulator.ActiveCfg = Debug|iPhoneSimulator
		{2EAEA3B3-E8C1-44B1-B381-09957180CAC7}.Debug|iPhoneSimulator.Build.0 = Debug|iPhoneSimulator
		{2EAEA3B3-E8C1-44B1-B381-09957180CAC7}.Debug|iPhoneSimulator.Deploy.0 = Debug|iPhoneSimulator
		{2EAEA3B3-E8C1-44B1-B381-09957180CAC7}.Release|Any CPU.ActiveCfg = Release|iPhone
		{2EAEA3B3-E8C1-44B1-B381-09957180CAC7}.Release|Any CPU.Build.0 = Release|iPhone
		{2EAEA3B3-E8C1-44B1-B381-09957180CAC7}.Release|Any CPU.Deploy.0 = Release|iPhone
		{2EAEA3B3-E8C1-44B1-B381-09957180CAC7}.Release|iPhone.ActiveCfg = Release|iPhone
		{2EAEA3B3-E8C1-44B1-B381-09957180CAC7}.Release|iPhone.Build.0 = Release|iPhone
		{2EAEA3B3-E8C1-44B1-B381-09957180CAC7}.Release|iPhone.Deploy.0 = Release|iPhone
		{2EAEA3B3-E8C1-44B1-B381-09957180CAC7}.Release|iPhoneSimulator.ActiveCfg = Release|iPhoneSimulator
		{2EAEA3B3-E8C1-44B1-B381-09957180CAC7}.Release|iPhoneSimulator.Build.0 = Release|iPhoneSimulator
		{2EAEA3B3-E8C1-44B1-B381-09957180CAC7}.Release|iPhoneSimulator.Deploy.0 = Release|iPhoneSimulator
		{0F3DE055-0949-463D-9B92-F8DF923604AA}.Ad-Hoc|Any CPU.ActiveCfg = Debug|Any CPU
		{0F3DE055-0949-463D-9B92-F8DF923604AA}.Ad-Hoc|Any CPU.Build.0 = Debug|Any CPU
		{0F3DE055-0949-463D-9B92-F8DF923604AA}.Ad-Hoc|Any CPU.Deploy.0 = Debug|Any CPU
		{0F3DE055-0949-463D-9B92-F8DF923604AA}.Ad-Hoc|iPhone.ActiveCfg = Debug|Any CPU
		{0F3DE055-0949-463D-9B92-F8DF923604AA}.Ad-Hoc|iPhone.Build.0 = Debug|Any CPU
		{0F3DE055-0949-463D-9B92-F8DF923604AA}.Ad-Hoc|iPhone.Deploy.0 = Debug|Any CPU
		{0F3DE055-0949-463D-9B92-F8DF923604AA}.Ad-Hoc|iPhoneSimulator.ActiveCfg = Debug|Any CPU
		{0F3DE055-0949-463D-9B92-F8DF923604AA}.Ad-Hoc|iPhoneSimulator.Build.0 = Debug|Any CPU
		{0F3DE055-0949-463D-9B92-F8DF923604AA}.Ad-Hoc|iPhoneSimulator.Deploy.0 = Debug|Any CPU
		{0F3DE055-0949-463D-9B92-F8DF923604AA}.AppStore|Any CPU.ActiveCfg = Debug|Any CPU
		{0F3DE055-0949-463D-9B92-F8DF923604AA}.AppStore|Any CPU.Build.0 = Debug|Any CPU
		{0F3DE055-0949-463D-9B92-F8DF923604AA}.AppStore|Any CPU.Deploy.0 = Debug|Any CPU
		{0F3DE055-0949-463D-9B92-F8DF923604AA}.AppStore|iPhone.ActiveCfg = Debug|Any CPU
		{0F3DE055-0949-463D-9B92-F8DF923604AA}.AppStore|iPhone.Build.0 = Debug|Any CPU
		{0F3DE055-0949-463D-9B92-F8DF923604AA}.AppStore|iPhone.Deploy.0 = Debug|Any CPU
		{0F3DE055-0949-463D-9B92-F8DF923604AA}.AppStore|iPhoneSimulator.ActiveCfg = Debug|Any CPU
		{0F3DE055-0949-463D-9B92-F8DF923604AA}.AppStore|iPhoneSimulator.Build.0 = Debug|Any CPU
		{0F3DE055-0949-463D-9B92-F8DF923604AA}.AppStore|iPhoneSimulator.Deploy.0 = Debug|Any CPU
		{0F3DE055-0949-463D-9B92-F8DF923604AA}.Debug|Any CPU.ActiveCfg = Debug|Any CPU
		{0F3DE055-0949-463D-9B92-F8DF923604AA}.Debug|Any CPU.Build.0 = Debug|Any CPU
		{0F3DE055-0949-463D-9B92-F8DF923604AA}.Debug|Any CPU.Deploy.0 = Debug|Any CPU
		{0F3DE055-0949-463D-9B92-F8DF923604AA}.Debug|iPhone.ActiveCfg = Debug|Any CPU
		{0F3DE055-0949-463D-9B92-F8DF923604AA}.Debug|iPhone.Build.0 = Debug|Any CPU
		{0F3DE055-0949-463D-9B92-F8DF923604AA}.Debug|iPhone.Deploy.0 = Debug|Any CPU
		{0F3DE055-0949-463D-9B92-F8DF923604AA}.Debug|iPhoneSimulator.ActiveCfg = Debug|Any CPU
		{0F3DE055-0949-463D-9B92-F8DF923604AA}.Debug|iPhoneSimulator.Build.0 = Debug|Any CPU
		{0F3DE055-0949-463D-9B92-F8DF923604AA}.Debug|iPhoneSimulator.Deploy.0 = Debug|Any CPU
		{0F3DE055-0949-463D-9B92-F8DF923604AA}.Release|Any CPU.ActiveCfg = Release|Any CPU
		{0F3DE055-0949-463D-9B92-F8DF923604AA}.Release|Any CPU.Build.0 = Release|Any CPU
		{0F3DE055-0949-463D-9B92-F8DF923604AA}.Release|Any CPU.Deploy.0 = Release|Any CPU
		{0F3DE055-0949-463D-9B92-F8DF923604AA}.Release|iPhone.ActiveCfg = Release|Any CPU
		{0F3DE055-0949-463D-9B92-F8DF923604AA}.Release|iPhone.Build.0 = Release|Any CPU
		{0F3DE055-0949-463D-9B92-F8DF923604AA}.Release|iPhone.Deploy.0 = Release|Any CPU
		{0F3DE055-0949-463D-9B92-F8DF923604AA}.Release|iPhoneSimulator.ActiveCfg = Release|Any CPU
		{0F3DE055-0949-463D-9B92-F8DF923604AA}.Release|iPhoneSimulator.Build.0 = Release|Any CPU
		{0F3DE055-0949-463D-9B92-F8DF923604AA}.Release|iPhoneSimulator.Deploy.0 = Release|Any CPU
	EndGlobalSection
	GlobalSection(SolutionProperties) = preSolution
		HideSolutionNode = FALSE
	EndGlobalSection
	GlobalSection(ExtensibilityGlobals) = postSolution
		SolutionGuid = {8CC9FB78-8C78-43F1-8AE7-BF51E70C137F}
	EndGlobalSection
EndGlobal
